{
  "name": "frontend",
  "version": "1.0.0",
  "lockfileVersion": 2,
  "requires": true,
  "packages": {
    "": {
      "name": "frontend",
      "version": "1.0.0",
      "license": "ISC",
      "dependencies": {
        "@jaebrownn/proto-example": "^1.0.3"
      }
    },
    "node_modules/@jaebrownn/proto-example": {
      "version": "1.0.3",
      "resolved": "https://npm.pkg.github.com/download/@jaebrownn/proto-example/1.0.3/768a2c58e956054639dc9a8b55441846791c2b55",
      "integrity": "sha512-0LHUkXNsr/+jMlvaOFemuqFp+vMFgnOJaH8qMB6siRzfjHWQR2YmPpbXa/XcEsK15TR/c2wKwotnj2CpFvTCmw=="
    }
  },
  "dependencies": {
    "@jaebrownn/proto-example": {
      "version": "1.0.3",
      "resolved": "https://npm.pkg.github.com/download/@jaebrownn/proto-example/1.0.3/768a2c58e956054639dc9a8b55441846791c2b55",
      "integrity": "sha512-0LHUkXNsr/+jMlvaOFemuqFp+vMFgnOJaH8qMB6siRzfjHWQR2YmPpbXa/XcEsK15TR/c2wKwotnj2CpFvTCmw=="
    }
  }
}
